// !$*UTF8*$!
{
	archiveVersion = 1;
	classes = {
	};
	objectVersion = 55;
	objects = {

/* Begin PBXBuildFile section */
		2E7A305E2863E8DF00963C78 /* AppDelegate.swift in Sources */ = {isa = PBXBuildFile; fileRef = 2E7A305D2863E8DF00963C78 /* AppDelegate.swift */; };
		2E7A30602863E8DF00963C78 /* SceneDelegate.swift in Sources */ = {isa = PBXBuildFile; fileRef = 2E7A305F2863E8DF00963C78 /* SceneDelegate.swift */; };
		2E7A30622863E8DF00963C78 /* ViewController.swift in Sources */ = {isa = PBXBuildFile; fileRef = 2E7A30612863E8DF00963C78 /* ViewController.swift */; };
		2E7A30652863E8DF00963C78 /* Main.storyboard in Resources */ = {isa = PBXBuildFile; fileRef = 2E7A30632863E8DF00963C78 /* Main.storyboard */; };
		2E7A30682863E8DF00963C78 /* allAboutMe.xcdatamodeld in Sources */ = {isa = PBXBuildFile; fileRef = 2E7A30662863E8DF00963C78 /* allAboutMe.xcdatamodeld */; };
		2E7A306A2863E8E100963C78 /* Assets.xcassets in Resources */ = {isa = PBXBuildFile; fileRef = 2E7A30692863E8E100963C78 /* Assets.xcassets */; };
		2E7A306D2863E8E100963C78 /* LaunchScreen.storyboard in Resources */ = {isa = PBXBuildFile; fileRef = 2E7A306B2863E8E100963C78 /* LaunchScreen.storyboard */; };
		2E7A30782863E8E100963C78 /* allAboutMeTests.swift in Sources */ = {isa = PBXBuildFile; fileRef = 2E7A30772863E8E100963C78 /* allAboutMeTests.swift */; };
		2E7A30822863E8E100963C78 /* allAboutMeUITests.swift in Sources */ = {isa = PBXBuildFile; fileRef = 2E7A30812863E8E100963C78 /* allAboutMeUITests.swift */; };
		2E7A30842863E8E100963C78 /* allAboutMeUITestsLaunchTests.swift in Sources */ = {isa = PBXBuildFile; fileRef = 2E7A30832863E8E100963C78 /* allAboutMeUITestsLaunchTests.swift */; };
/* End PBXBuildFile section */

/* Begin PBXContainerItemProxy section */
		2E7A30742863E8E100963C78 /* PBXContainerItemProxy */ = {
			isa = PBXContainerItemProxy;
			containerPortal = 2E7A30522863E8DF00963C78 /* Project object */;
			proxyType = 1;
			remoteGlobalIDString = 2E7A30592863E8DF00963C78;
			remoteInfo = allAboutMe;
		};
		2E7A307E2863E8E100963C78 /* PBXContainerItemProxy */ = {
			isa = PBXContainerItemProxy;
			containerPortal = 2E7A30522863E8DF00963C78 /* Project object */;
			proxyType = 1;
			remoteGlobalIDString = 2E7A30592863E8DF00963C78;
			remoteInfo = allAboutMe;
		};
/* End PBXContainerItemProxy section */

/* Begin PBXFileReference section */
		2E7A305A2863E8DF00963C78 /* allAboutMe.app */ = {isa = PBXFileReference; explicitFileType = wrapper.application; includeInIndex = 0; path = allAboutMe.app; sourceTree = BUILT_PRODUCTS_DIR; };
		2E7A305D2863E8DF00963C78 /* AppDelegate.swift */ = {isa = PBXFileReference; lastKnownFileType = sourcecode.swift; path = AppDelegate.swift; sourceTree = "<group>"; };
		2E7A305F2863E8DF00963C78 /* SceneDelegate.swift */ = {isa = PBXFileReference; lastKnownFileType = sourcecode.swift; path = SceneDelegate.swift; sourceTree = "<group>"; };
		2E7A30612863E8DF00963C78 /* ViewController.swift */ = {isa = PBXFileReference; lastKnownFileType = sourcecode.swift; path = ViewController.swift; sourceTree = "<group>"; };
		2E7A30642863E8DF00963C78 /* Base */ = {isa = PBXFileReference; lastKnownFileType = file.storyboard; name = Base; path = Base.lproj/Main.storyboard; sourceTree = "<group>"; };
		2E7A30672863E8DF00963C78 /* allAboutMe.xcdatamodel */ = {isa = PBXFileReference; lastKnownFileType = wrapper.xcdatamodel; path = allAboutMe.xcdatamodel; sourceTree = "<group>"; };
		2E7A30692863E8E100963C78 /* Assets.xcassets */ = {isa = PBXFileReference; lastKnownFileType = folder.assetcatalog; path = Assets.xcassets; sourceTree = "<group>"; };
		2E7A306C2863E8E100963C78 /* Base */ = {isa = PBXFileReference; lastKnownFileType = file.storyboard; name = Base; path = Base.lproj/LaunchScreen.storyboard; sourceTree = "<group>"; };
		2E7A306E2863E8E100963C78 /* Info.plist */ = {isa = PBXFileReference; lastKnownFileType = text.plist.xml; path = Info.plist; sourceTree = "<group>"; };
		2E7A30732863E8E100963C78 /* allAboutMeTests.xctest */ = {isa = PBXFileReference; explicitFileType = wrapper.cfbundle; includeInIndex = 0; path = allAboutMeTests.xctest; sourceTree = BUILT_PRODUCTS_DIR; };
		2E7A30772863E8E100963C78 /* allAboutMeTests.swift */ = {isa = PBXFileReference; lastKnownFileType = sourcecode.swift; path = allAboutMeTests.swift; sourceTree = "<group>"; };
		2E7A307D2863E8E100963C78 /* allAboutMeUITests.xctest */ = {isa = PBXFileReference; explicitFileType = wrapper.cfbundle; includeInIndex = 0; path = allAboutMeUITests.xctest; sourceTree = BUILT_PRODUCTS_DIR; };
		2E7A30812863E8E100963C78 /* allAboutMeUITests.swift */ = {isa = PBXFileReference; lastKnownFileType = sourcecode.swift; path = allAboutMeUITests.swift; sourceTree = "<group>"; };
		2E7A30832863E8E100963C78 /* allAboutMeUITestsLaunchTests.swift */ = {isa = PBXFileReference; lastKnownFileType = sourcecode.swift; path = allAboutMeUITestsLaunchTests.swift; sourceTree = "<group>"; };
/* End PBXFileReference section */

/* Begin PBXFrameworksBuildPhase section */
		2E7A30572863E8DF00963C78 /* Frameworks */ = {
			isa = PBXFrameworksBuildPhase;
			buildActionMask = 2147483647;
			files = (
			);
			runOnlyForDeploymentPostprocessing = 0;
		};
		2E7A30702863E8E100963C78 /* Frameworks */ = {
			isa = PBXFrameworksBuildPhase;
			buildActionMask = 2147483647;
			files = (
			);
			runOnlyForDeploymentPostprocessing = 0;
		};
		2E7A307A2863E8E100963C78 /* Frameworks */ = {
			isa = PBXFrameworksBuildPhase;
			buildActionMask = 2147483647;
			files = (
			);
			runOnlyForDeploymentPostprocessing = 0;
		};
/* End PBXFrameworksBuildPhase section */

/* Begin PBXGroup section */
		2E7A30512863E8DF00963C78 = {
			isa = PBXGroup;
			children = (
				2E7A305C2863E8DF00963C78 /* allAboutMe */,
				2E7A30762863E8E100963C78 /* allAboutMeTests */,
				2E7A30802863E8E100963C78 /* allAboutMeUITests */,
				2E7A305B2863E8DF00963C78 /* Products */,
			);
			sourceTree = "<group>";
		};
		2E7A305B2863E8DF00963C78 /* Products */ = {
			isa = PBXGroup;
			children = (
				2E7A305A2863E8DF00963C78 /* allAboutMe.app */,
				2E7A30732863E8E100963C78 /* allAboutMeTests.xctest */,
				2E7A307D2863E8E100963C78 /* allAboutMeUITests.xctest */,
			);
			name = Products;
			sourceTree = "<group>";
		};
		2E7A305C2863E8DF00963C78 /* allAboutMe */ = {
			isa = PBXGroup;
			children = (
				2E7A305D2863E8DF00963C78 /* AppDelegate.swift */,
				2E7A305F2863E8DF00963C78 /* SceneDelegate.swift */,
				2E7A30612863E8DF00963C78 /* ViewController.swift */,
				2E7A30632863E8DF00963C78 /* Main.storyboard */,
				2E7A30692863E8E100963C78 /* Assets.xcassets */,
				2E7A306B2863E8E100963C78 /* LaunchScreen.storyboard */,
				2E7A306E2863E8E100963C78 /* Info.plist */,
				2E7A30662863E8DF00963C78 /* allAboutMe.xcdatamodeld */,
			);
			path = allAboutMe;
			sourceTree = "<group>";
		};
		2E7A30762863E8E100963C78 /* allAboutMeTests */ = {
			isa = PBXGroup;
			children = (
				2E7A30772863E8E100963C78 /* allAboutMeTests.swift */,
			);
			path = allAboutMeTests;
			sourceTree = "<group>";
		};
		2E7A30802863E8E100963C78 /* allAboutMeUITests */ = {
			isa = PBXGroup;
			children = (
				2E7A30812863E8E100963C78 /* allAboutMeUITests.swift */,
				2E7A30832863E8E100963C78 /* allAboutMeUITestsLaunchTests.swift */,
			);
			path = allAboutMeUITests;
			sourceTree = "<group>";
		};
/* End PBXGroup section */

/* Begin PBXNativeTarget section */
		2E7A30592863E8DF00963C78 /* allAboutMe */ = {
			isa = PBXNativeTarget;
			buildConfigurationList = 2E7A30872863E8E100963C78 /* Build configuration list for PBXNativeTarget "allAboutMe" */;
			buildPhases = (
				2E7A30562863E8DF00963C78 /* Sources */,
				2E7A30572863E8DF00963C78 /* Frameworks */,
				2E7A30582863E8DF00963C78 /* Resources */,
			);
			buildRules = (
			);
			dependencies = (
			);
			name = allAboutMe;
			productName = allAboutMe;
			productReference = 2E7A305A2863E8DF00963C78 /* allAboutMe.app */;
			productType = "com.apple.product-type.application";
		};
		2E7A30722863E8E100963C78 /* allAboutMeTests */ = {
			isa = PBXNativeTarget;
			buildConfigurationList = 2E7A308A2863E8E100963C78 /* Build configuration list for PBXNativeTarget "allAboutMeTests" */;
			buildPhases = (
				2E7A306F2863E8E100963C78 /* Sources */,
				2E7A30702863E8E100963C78 /* Frameworks */,
				2E7A30712863E8E100963C78 /* Resources */,
			);
			buildRules = (
			);
			dependencies = (
				2E7A30752863E8E100963C78 /* PBXTargetDependency */,
			);
			name = allAboutMeTests;
			productName = allAboutMeTests;
			productReference = 2E7A30732863E8E100963C78 /* allAboutMeTests.xctest */;
			productType = "com.apple.product-type.bundle.unit-test";
		};
		2E7A307C2863E8E100963C78 /* allAboutMeUITests */ = {
			isa = PBXNativeTarget;
			buildConfigurationList = 2E7A308D2863E8E100963C78 /* Build configuration list for PBXNativeTarget "allAboutMeUITests" */;
			buildPhases = (
				2E7A30792863E8E100963C78 /* Sources */,
				2E7A307A2863E8E100963C78 /* Frameworks */,
				2E7A307B2863E8E100963C78 /* Resources */,
			);
			buildRules = (
			);
			dependencies = (
				2E7A307F2863E8E100963C78 /* PBXTargetDependency */,
			);
			name = allAboutMeUITests;
			productName = allAboutMeUITests;
			productReference = 2E7A307D2863E8E100963C78 /* allAboutMeUITests.xctest */;
			productType = "com.apple.product-type.bundle.ui-testing";
		};
/* End PBXNativeTarget section */

/* Begin PBXProject section */
		2E7A30522863E8DF00963C78 /* Project object */ = {
			isa = PBXProject;
			attributes = {
				BuildIndependentTargetsInParallel = 1;
				LastSwiftUpdateCheck = 1340;
				LastUpgradeCheck = 1340;
				TargetAttributes = {
					2E7A30592863E8DF00963C78 = {
						CreatedOnToolsVersion = 13.4.1;
					};
					2E7A30722863E8E100963C78 = {
						CreatedOnToolsVersion = 13.4.1;
						TestTargetID = 2E7A30592863E8DF00963C78;
					};
					2E7A307C2863E8E100963C78 = {
						CreatedOnToolsVersion = 13.4.1;
						TestTargetID = 2E7A30592863E8DF00963C78;
					};
				};
			};
			buildConfigurationList = 2E7A30552863E8DF00963C78 /* Build configuration list for PBXProject "allAboutMe" */;
			compatibilityVersion = "Xcode 13.0";
			developmentRegion = en;
			hasScannedForEncodings = 0;
			knownRegions = (
				en,
				Base,
			);
			mainGroup = 2E7A30512863E8DF00963C78;
			productRefGroup = 2E7A305B2863E8DF00963C78 /* Products */;
			projectDirPath = "";
			projectRoot = "";
			targets = (
				2E7A30592863E8DF00963C78 /* allAboutMe */,
				2E7A30722863E8E100963C78 /* allAboutMeTests */,
				2E7A307C2863E8E100963C78 /* allAboutMeUITests */,
			);
		};
/* End PBXProject section */

/* Begin PBXResourcesBuildPhase section */
		2E7A30582863E8DF00963C78 /* Resources */ = {
			isa = PBXResourcesBuildPhase;
			buildActionMask = 2147483647;
			files = (
				2E7A306D2863E8E100963C78 /* LaunchScreen.storyboard in Resources */,
				2E7A306A2863E8E100963C78 /* Assets.xcassets in Resources */,
				2E7A30652863E8DF00963C78 /* Main.storyboard in Resources */,
			);
			runOnlyForDeploymentPostprocessing = 0;
		};
		2E7A30712863E8E100963C78 /* Resources */ = {
			isa = PBXResourcesBuildPhase;
			buildActionMask = 2147483647;
			files = (
			);
			runOnlyForDeploymentPostprocessing = 0;
		};
		2E7A307B2863E8E100963C78 /* Resources */ = {
			isa = PBXResourcesBuildPhase;
			buildActionMask = 2147483647;
			files = (
			);
			runOnlyForDeploymentPostprocessing = 0;
		};
/* End PBXResourcesBuildPhase section */

/* Begin PBXSourcesBuildPhase section */
		2E7A30562863E8DF00963C78 /* Sources */ = {
			isa = PBXSourcesBuildPhase;
			buildActionMask = 2147483647;
			files = (
				2E7A30622863E8DF00963C78 /* ViewController.swift in Sources */,
				2E7A30682863E8DF00963C78 /* allAboutMe.xcdatamodeld in Sources */,
				2E7A305E2863E8DF00963C78 /* AppDelegate.swift in Sources */,
				2E7A30602863E8DF00963C78 /* SceneDelegate.swift in Sources */,
			);
			runOnlyForDeploymentPostprocessing = 0;
		};
		2E7A306F2863E8E100963C78 /* Sources */ = {
			isa = PBXSourcesBuildPhase;
			buildActionMask = 2147483647;
			files = (
				2E7A30782863E8E100963C78 /* allAboutMeTests.swift in Sources */,
			);
			runOnlyForDeploymentPostprocessing = 0;
		};
		2E7A30792863E8E100963C78 /* Sources */ = {
			isa = PBXSourcesBuildPhase;
			buildActionMask = 2147483647;
			files = (
				2E7A30842863E8E100963C78 /* allAboutMeUITestsLaunchTests.swift in Sources */,
				2E7A30822863E8E100963C78 /* allAboutMeUITests.swift in Sources */,
			);
			runOnlyForDeploymentPostprocessing = 0;
		};
/* End PBXSourcesBuildPhase section */

/* Begin PBXTargetDependency section */
		2E7A30752863E8E100963C78 /* PBXTargetDependency */ = {
			isa = PBXTargetDependency;
			target = 2E7A30592863E8DF00963C78 /* allAboutMe */;
			targetProxy = 2E7A30742863E8E100963C78 /* PBXContainerItemProxy */;
		};
		2E7A307F2863E8E100963C78 /* PBXTargetDependency */ = {
			isa = PBXTargetDependency;
			target = 2E7A30592863E8DF00963C78 /* allAboutMe */;
			targetProxy = 2E7A307E2863E8E100963C78 /* PBXContainerItemProxy */;
		};
/* End PBXTargetDependency section */

/* Begin PBXVariantGroup section */
		2E7A30632863E8DF00963C78 /* Main.storyboard */ = {
			isa = PBXVariantGroup;
			children = (
				2E7A30642863E8DF00963C78 /* Base */,
			);
			name = Main.storyboard;
			sourceTree = "<group>";
		};
		2E7A306B2863E8E100963C78 /* LaunchScreen.storyboard */ = {
			isa = PBXVariantGroup;
			children = (
				2E7A306C2863E8E100963C78 /* Base */,
			);
			name = LaunchScreen.storyboard;
			sourceTree = "<group>";
		};
/* End PBXVariantGroup section */

/* Begin XCBuildConfiguration section */
		2E7A30852863E8E100963C78 /* Debug */ = {
			isa = XCBuildConfiguration;
			buildSettings = {
				ALWAYS_SEARCH_USER_PATHS = NO;
				CLANG_ANALYZER_NONNULL = YES;
				CLANG_ANALYZER_NUMBER_OBJECT_CONVERSION = YES_AGGRESSIVE;
				CLANG_CXX_LANGUAGE_STANDARD = "gnu++17";
				CLANG_ENABLE_MODULES = YES;
				CLANG_ENABLE_OBJC_ARC = YES;
				CLANG_ENABLE_OBJC_WEAK = YES;
				CLANG_WARN_BLOCK_CAPTURE_AUTORELEASING = YES;
				CLANG_WARN_BOOL_CONVERSION = YES;
				CLANG_WARN_COMMA = YES;
				CLANG_WARN_CONSTANT_CONVERSION = YES;
				CLANG_WARN_DEPRECATED_OBJC_IMPLEMENTATIONS = YES;
				CLANG_WARN_DIRECT_OBJC_ISA_USAGE = YES_ERROR;
				CLANG_WARN_DOCUMENTATION_COMMENTS = YES;
				CLANG_WARN_EMPTY_BODY = YES;
				CLANG_WARN_ENUM_CONVERSION = YES;
				CLANG_WARN_INFINITE_RECURSION = YES;
				CLANG_WARN_INT_CONVERSION = YES;
				CLANG_WARN_NON_LITERAL_NULL_CONVERSION = YES;
				CLANG_WARN_OBJC_IMPLICIT_RETAIN_SELF = YES;
				CLANG_WARN_OBJC_LITERAL_CONVERSION = YES;
				CLANG_WARN_OBJC_ROOT_CLASS = YES_ERROR;
				CLANG_WARN_QUOTED_INCLUDE_IN_FRAMEWORK_HEADER = YES;
				CLANG_WARN_RANGE_LOOP_ANALYSIS = YES;
				CLANG_WARN_STRICT_PROTOTYPES = YES;
				CLANG_WARN_SUSPICIOUS_MOVE = YES;
				CLANG_WARN_UNGUARDED_AVAILABILITY = YES_AGGRESSIVE;
				CLANG_WARN_UNREACHABLE_CODE = YES;
				CLANG_WARN__DUPLICATE_METHOD_MATCH = YES;
				COPY_PHASE_STRIP = NO;
				DEBUG_INFORMATION_FORMAT = dwarf;
				ENABLE_STRICT_OBJC_MSGSEND = YES;
				ENABLE_TESTABILITY = YES;
				GCC_C_LANGUAGE_STANDARD = gnu11;
				GCC_DYNAMIC_NO_PIC = NO;
				GCC_NO_COMMON_BLOCKS = YES;
				GCC_OPTIMIZATION_LEVEL = 0;
				GCC_PREPROCESSOR_DEFINITIONS = (
					"DEBUG=1",
					"$(inherited)",
				);
				GCC_WARN_64_TO_32_BIT_CONVERSION = YES;
				GCC_WARN_ABOUT_RETURN_TYPE = YES_ERROR;
				GCC_WARN_UNDECLARED_SELECTOR = YES;
				GCC_WARN_UNINITIALIZED_AUTOS = YES_AGGRESSIVE;
				GCC_WARN_UNUSED_FUNCTION = YES;
				GCC_WARN_UNUSED_VARIABLE = YES;
				IPHONEOS_DEPLOYMENT_TARGET = 15.5;
				MTL_ENABLE_DEBUG_INFO = INCLUDE_SOURCE;
				MTL_FAST_MATH = YES;
				ONLY_ACTIVE_ARCH = YES;
				SDKROOT = iphoneos;
				SWIFT_ACTIVE_COMPILATION_CONDITIONS = DEBUG;
				SWIFT_OPTIMIZATION_LEVEL = "-Onone";
			};
			name = Debug;
		};
		2E7A30862863E8E100963C78 /* Release */ = {
			isa = XCBuildConfiguration;
			buildSettings = {
				ALWAYS_SEARCH_USER_PATHS = NO;
				CLANG_ANALYZER_NONNULL = YES;
				CLANG_ANALYZER_NUMBER_OBJECT_CONVERSION = YES_AGGRESSIVE;
				CLANG_CXX_LANGUAGE_STANDARD = "gnu++17";
				CLANG_ENABLE_MODULES = YES;
				CLANG_ENABLE_OBJC_ARC = YES;
				CLANG_ENABLE_OBJC_WEAK = YES;
				CLANG_WARN_BLOCK_CAPTURE_AUTORELEASING = YES;
				CLANG_WARN_BOOL_CONVERSION = YES;
				CLANG_WARN_COMMA = YES;
				CLANG_WARN_CONSTANT_CONVERSION = YES;
				CLANG_WARN_DEPRECATED_OBJC_IMPLEMENTATIONS = YES;
				CLANG_WARN_DIRECT_OBJC_ISA_USAGE = YES_ERROR;
				CLANG_WARN_DOCUMENTATION_COMMENTS = YES;
				CLANG_WARN_EMPTY_BODY = YES;
				CLANG_WARN_ENUM_CONVERSION = YES;
				CLANG_WARN_INFINITE_RECURSION = YES;
				CLANG_WARN_INT_CONVERSION = YES;
				CLANG_WARN_NON_LITERAL_NULL_CONVERSION = YES;
				CLANG_WARN_OBJC_IMPLICIT_RETAIN_SELF = YES;
				CLANG_WARN_OBJC_LITERAL_CONVERSION = YES;
				CLANG_WARN_OBJC_ROOT_CLASS = YES_ERROR;
				CLANG_WARN_QUOTED_INCLUDE_IN_FRAMEWORK_HEADER = YES;
				CLANG_WARN_RANGE_LOOP_ANALYSIS = YES;
				CLANG_WARN_STRICT_PROTOTYPES = YES;
				CLANG_WARN_SUSPICIOUS_MOVE = YES;
				CLANG_WARN_UNGUARDED_AVAILABILITY = YES_AGGRESSIVE;
				CLANG_WARN_UNREACHABLE_CODE = YES;
				CLANG_WARN__DUPLICATE_METHOD_MATCH = YES;
				COPY_PHASE_STRIP = NO;
				DEBUG_INFORMATION_FORMAT = "dwarf-with-dsym";
				ENABLE_NS_ASSERTIONS = NO;
				ENABLE_STRICT_OBJC_MSGSEND = YES;
				GCC_C_LANGUAGE_STANDARD = gnu11;
				GCC_NO_COMMON_BLOCKS = YES;
				GCC_WARN_64_TO_32_BIT_CONVERSION = YES;
				GCC_WARN_ABOUT_RETURN_TYPE = YES_ERROR;
				GCC_WARN_UNDECLARED_SELECTOR = YES;
				GCC_WARN_UNINITIALIZED_AUTOS = YES_AGGRESSIVE;
				GCC_WARN_UNUSED_FUNCTION = YES;
				GCC_WARN_UNUSED_VARIABLE = YES;
				IPHONEOS_DEPLOYMENT_TARGET = 15.5;
				MTL_ENABLE_DEBUG_INFO = NO;
				MTL_FAST_MATH = YES;
				SDKROOT = iphoneos;
				SWIFT_COMPILATION_MODE = wholemodule;
				SWIFT_OPTIMIZATION_LEVEL = "-O";
				VALIDATE_PRODUCT = YES;
			};
			name = Release;
		};
		2E7A30882863E8E100963C78 /* Debug */ = {
			isa = XCBuildConfiguration;
			buildSettings = {
				ASSETCATALOG_COMPILER_APPICON_NAME = AppIcon;
				ASSETCATALOG_COMPILER_GLOBAL_ACCENT_COLOR_NAME = AccentColor;
				CODE_SIGN_STYLE = Automatic;
				CURRENT_PROJECT_VERSION = 1;
				GENERATE_INFOPLIST_FILE = YES;
				INFOPLIST_FILE = allAboutMe/Info.plist;
				INFOPLIST_KEY_UIApplicationSupportsIndirectInputEvents = YES;
				INFOPLIST_KEY_UILaunchStoryboardName = LaunchScreen;
				INFOPLIST_KEY_UIMainStoryboardFile = Main;
				INFOPLIST_KEY_UISupportedInterfaceOrientations_iPad = "UIInterfaceOrientationPortrait UIInterfaceOrientationPortraitUpsideDown UIInterfaceOrientationLandscapeLeft UIInterfaceOrientationLandscapeRight";
				INFOPLIST_KEY_UISupportedInterfaceOrientations_iPhone = "UIInterfaceOrientationPortrait UIInterfaceOrientationLandscapeLeft UIInterfaceOrientationLandscapeRight";
				LD_RUNPATH_SEARCH_PATHS = (
					"$(inherited)",
					"@executable_path/Frameworks",
				);
				MARKETING_VERSION = 1.0;
				PRODUCT_BUNDLE_IDENTIFIER = kwk.allAboutMe;
				PRODUCT_NAME = "$(TARGET_NAME)";
				SWIFT_EMIT_LOC_STRINGS = YES;
				SWIFT_VERSION = 5.0;
				TARGETED_DEVICE_FAMILY = "1,2";
			};
			name = Debug;
		};
		2E7A30892863E8E100963C78 /* Release */ = {
			isa = XCBuildConfiguration;
			buildSettings = {
				ASSETCATALOG_COMPILER_APPICON_NAME = AppIcon;
				ASSETCATALOG_COMPILER_GLOBAL_ACCENT_COLOR_NAME = AccentColor;
				CODE_SIGN_STYLE = Automatic;
				CURRENT_PROJECT_VERSION = 1;
				GENERATE_INFOPLIST_FILE = YES;
				INFOPLIST_FILE = allAboutMe/Info.plist;
				INFOPLIST_KEY_UIApplicationSupportsIndirectInputEvents = YES;
				INFOPLIST_KEY_UILaunchStoryboardName = LaunchScreen;
				INFOPLIST_KEY_UIMainStoryboardFile = Main;
				INFOPLIST_KEY_UISupportedInterfaceOrientations_iPad = "UIInterfaceOrientationPortrait UIInterfaceOrientationPortraitUpsideDown UIInterfaceOrientationLandscapeLeft UIInterfaceOrientationLandscapeRight";
				INFOPLIST_KEY_UISupportedInterfaceOrientations_iPhone = "UIInterfaceOrientationPortrait UIInterfaceOrientationLandscapeLeft UIInterfaceOrientationLandscapeRight";
				LD_RUNPATH_SEARCH_PATHS = (
					"$(inherited)",
					"@executable_path/Frameworks",
				);
				MARKETING_VERSION = 1.0;
				PRODUCT_BUNDLE_IDENTIFIER = kwk.allAboutMe;
				PRODUCT_NAME = "$(TARGET_NAME)";
				SWIFT_EMIT_LOC_STRINGS = YES;
				SWIFT_VERSION = 5.0;
				TARGETED_DEVICE_FAMILY = "1,2";
			};
			name = Release;
		};
		2E7A308B2863E8E100963C78 /* Debug */ = {
			isa = XCBuildConfiguration;
			buildSettings = {
				ALWAYS_EMBED_SWIFT_STANDARD_LIBRARIES = YES;
				BUNDLE_LOADER = "$(TEST_HOST)";
				CODE_SIGN_STYLE = Automatic;
				CURRENT_PROJECT_VERSION = 1;
				GENERATE_INFOPLIST_FILE = YES;
				IPHONEOS_DEPLOYMENT_TARGET = 15.5;
				MARKETING_VERSION = 1.0;
				PRODUCT_BUNDLE_IDENTIFIER = kwk.allAboutMeTests;
				PRODUCT_NAME = "$(TARGET_NAME)";
				SWIFT_EMIT_LOC_STRINGS = NO;
				SWIFT_VERSION = 5.0;
				TARGETED_DEVICE_FAMILY = "1,2";
				TEST_HOST = "$(BUILT_PRODUCTS_DIR)/allAboutMe.app/allAboutMe";
			};
			name = Debug;
		};
		2E7A308C2863E8E100963C78 /* Release */ = {
			isa = XCBuildConfiguration;
			buildSettings = {
				ALWAYS_EMBED_SWIFT_STANDARD_LIBRARIES = YES;
				BUNDLE_LOADER = "$(TEST_HOST)";
				CODE_SIGN_STYLE = Automatic;
				CURRENT_PROJECT_VERSION = 1;
				GENERATE_INFOPLIST_FILE = YES;
				IPHONEOS_DEPLOYMENT_TARGET = 15.5;
				MARKETING_VERSION = 1.0;
				PRODUCT_BUNDLE_IDENTIFIER = kwk.allAboutMeTests;
				PRODUCT_NAME = "$(TARGET_NAME)";
				SWIFT_EMIT_LOC_STRINGS = NO;
				SWIFT_VERSION = 5.0;
				TARGETED_DEVICE_FAMILY = "1,2";
				TEST_HOST = "$(BUILT_PRODUCTS_DIR)/allAboutMe.app/allAboutMe";
			};
			name = Release;
		};
		2E7A308E2863E8E100963C78 /* Debug */ = {
			isa = XCBuildConfiguration;
			buildSettings = {
				ALWAYS_EMBED_SWIFT_STANDARD_LIBRARIES = YES;
				CODE_SIGN_STYLE = Automatic;
				CURRENT_PROJECT_VERSION = 1;
				GENERATE_INFOPLIST_FILE = YES;
				MARKETING_VERSION = 1.0;
				PRODUCT_BUNDLE_IDENTIFIER = kwk.allAboutMeUITests;
				PRODUCT_NAME = "$(TARGET_NAME)";
				SWIFT_EMIT_LOC_STRINGS = NO;
				SWIFT_VERSION = 5.0;
				TARGETED_DEVICE_FAMILY = "1,2";
				TEST_TARGET_NAME = allAboutMe;
			};
			name = Debug;
		};
		2E7A308F2863E8E100963C78 /* Release */ = {
			isa = XCBuildConfiguration;
			buildSettings = {
				ALWAYS_EMBED_SWIFT_STANDARD_LIBRARIES = YES;
				CODE_SIGN_STYLE = Automatic;
				CURRENT_PROJECT_VERSION = 1;
				GENERATE_INFOPLIST_FILE = YES;
				MARKETING_VERSION = 1.0;
				PRODUCT_BUNDLE_IDENTIFIER = kwk.allAboutMeUITests;
				PRODUCT_NAME = "$(TARGET_NAME)";
				SWIFT_EMIT_LOC_STRINGS = NO;
				SWIFT_VERSION = 5.0;
				TARGETED_DEVICE_FAMILY = "1,2";
				TEST_TARGET_NAME = allAboutMe;
			};
			name = Release;
		};
/* End XCBuildConfiguration section */

/* Begin XCConfigurationList section */
		2E7A30552863E8DF00963C78 /* Build configuration list for PBXProject "allAboutMe" */ = {
			isa = XCConfigurationList;
			buildConfigurations = (
				2E7A30852863E8E100963C78 /* Debug */,
				2E7A30862863E8E100963C78 /* Release */,
			);
			defaultConfigurationIsVisible = 0;
			defaultConfigurationName = Release;
		};
		2E7A30872863E8E100963C78 /* Build configuration list for PBXNativeTarget "allAboutMe" */ = {
			isa = XCConfigurationList;
			buildConfigurations = (
				2E7A30882863E8E100963C78 /* Debug */,
				2E7A30892863E8E100963C78 /* Release */,
			);
			defaultConfigurationIsVisible = 0;
			defaultConfigurationName = Release;
		};
		2E7A308A2863E8E100963C78 /* Build configuration list for PBXNativeTarget "allAboutMeTests" */ = {
			isa = XCConfigurationList;
			buildConfigurations = (
				2E7A308B2863E8E100963C78 /* Debug */,
				2E7A308C2863E8E100963C78 /* Release */,
			);
			defaultConfigurationIsVisible = 0;
			defaultConfigurationName = Release;
		};
		2E7A308D2863E8E100963C78 /* Build configuration list for PBXNativeTarget "allAboutMeUITests" */ = {
			isa = XCConfigurationList;
			buildConfigurations = (
				2E7A308E2863E8E100963C78 /* Debug */,
				2E7A308F2863E8E100963C78 /* Release */,
			);
			defaultConfigurationIsVisible = 0;
			defaultConfigurationName = Release;
		};
/* End XCConfigurationList section */

/* Begin XCVersionGroup section */
		2E7A30662863E8DF00963C78 /* allAboutMe.xcdatamodeld */ = {
			isa = XCVersionGroup;
			children = (
				2E7A30672863E8DF00963C78 /* allAboutMe.xcdatamodel */,
			);
			currentVersion = 2E7A30672863E8DF00963C78 /* allAboutMe.xcdatamodel */;
			path = allAboutMe.xcdatamodeld;
			sourceTree = "<group>";
			versionGroupType = wrapper.xcdatamodel;
		};
/* End XCVersionGroup section */
	};
	rootObject = 2E7A30522863E8DF00963C78 /* Project object */;
}
